// !$*UTF8*$!
{
	archiveVersion = 1;
	classes = {
	};
	objectVersion = 77;
	objects = {

/* Begin PBXBuildFile section */
		EC3F35AE2DFF52C20096FB85 /* AddExpenseView.swift in Sources */ = {isa = PBXBuildFile; fileRef = EC3F35AD2DFF52C20096FB85 /* AddExpenseView.swift */; };
/* End PBXBuildFile section */

/* Begin PBXContainerItemProxy section */
		EC3F35202DFF464D0096FB85 /* PBXContainerItemProxy */ = {
			isa = PBXContainerItemProxy;
			containerPortal = EC3F35072DFF464D0096FB85 /* Project object */;
			proxyType = 1;
			remoteGlobalIDString = EC3F350E2DFF464D0096FB85;
			remoteInfo = BillBuster;
		};
		EC3F352A2DFF464D0096FB85 /* PBXContainerItemProxy */ = {
			isa = PBXContainerItemProxy;
			containerPortal = EC3F35072DFF464D0096FB85 /* Project object */;
			proxyType = 1;
			remoteGlobalIDString = EC3F350E2DFF464D0096FB85;
			remoteInfo = BillBuster;
		};
/* End PBXContainerItemProxy section */

/* Begin PBXFileReference section */
		EC3F350F2DFF464D0096FB85 /* BillBuster.app */ = {isa = PBXFileReference; explicitFileType = wrapper.application; includeInIndex = 0; path = BillBuster.app; sourceTree = BUILT_PRODUCTS_DIR; };
		EC3F351F2DFF464D0096FB85 /* BillBusterTests.xctest */ = {isa = PBXFileReference; explicitFileType = wrapper.cfbundle; includeInIndex = 0; path = BillBusterTests.xctest; sourceTree = BUILT_PRODUCTS_DIR; };
		EC3F35292DFF464D0096FB85 /* BillBusterUITests.xctest */ = {isa = PBXFileReference; explicitFileType = wrapper.cfbundle; includeInIndex = 0; path = BillBusterUITests.xctest; sourceTree = BUILT_PRODUCTS_DIR; };
		EC3F35AD2DFF52C20096FB85 /* AddExpenseView.swift */ = {isa = PBXFileReference; lastKnownFileType = sourcecode.swift; path = AddExpenseView.swift; sourceTree = "<group>"; };
/* End PBXFileReference section */

/* Begin PBXFileSystemSynchronizedBuildFileExceptionSet section */
		EC3F355B2DFF49510096FB85 /* Exceptions for "BillBuster" folder in "BillBuster" target */ = {
			isa = PBXFileSystemSynchronizedBuildFileExceptionSet;
			membershipExceptions = (
				Info.plist,
			);
			target = EC3F350E2DFF464D0096FB85 /* BillBuster */;
		};
/* End PBXFileSystemSynchronizedBuildFileExceptionSet section */

/* Begin PBXFileSystemSynchronizedRootGroup section */
		EC3F35112DFF464D0096FB85 /* BillBuster */ = {
			isa = PBXFileSystemSynchronizedRootGroup;
			exceptions = (
				EC3F355B2DFF49510096FB85 /* Exceptions for "BillBuster" folder in "BillBuster" target */,
			);
			path = BillBuster;
			sourceTree = "<group>";
		};
		EC3F35222DFF464D0096FB85 /* BillBusterTests */ = {
			isa = PBXFileSystemSynchronizedRootGroup;
			path = BillBusterTests;
			sourceTree = "<group>";
		};
		EC3F352C2DFF464D0096FB85 /* BillBusterUITests */ = {
			isa = PBXFileSystemSynchronizedRootGroup;
			path = BillBusterUITests;
			sourceTree = "<group>";
		};
/* End PBXFileSystemSynchronizedRootGroup section */

/* Begin PBXFrameworksBuildPhase section */
		EC3F350C2DFF464D0096FB85 /* Frameworks */ = {
			isa = PBXFrameworksBuildPhase;
			buildActionMask = 2147483647;
			files = (
			);
			runOnlyForDeploymentPostprocessing = 0;
		};
		EC3F351C2DFF464D0096FB85 /* Frameworks */ = {
			isa = PBXFrameworksBuildPhase;
			buildActionMask = 2147483647;
			files = (
			);
			runOnlyForDeploymentPostprocessing = 0;
		};
		EC3F35262DFF464D0096FB85 /* Frameworks */ = {
			isa = PBXFrameworksBuildPhase;
			buildActionMask = 2147483647;
			files = (
			);
			runOnlyForDeploymentPostprocessing = 0;
		};
/* End PBXFrameworksBuildPhase section */

/* Begin PBXGroup section */
		EC3F35062DFF464D0096FB85 = {
			isa = PBXGroup;
			children = (
				EC3F35AD2DFF52C20096FB85 /* AddExpenseView.swift */,
				EC3F35112DFF464D0096FB85 /* BillBuster */,
				EC3F35222DFF464D0096FB85 /* BillBusterTests */,
				EC3F352C2DFF464D0096FB85 /* BillBusterUITests */,
				EC3F35102DFF464D0096FB85 /* Products */,
			);
			sourceTree = "<group>";
		};
		EC3F35102DFF464D0096FB85 /* Products */ = {
			isa = PBXGroup;
			children = (
				EC3F350F2DFF464D0096FB85 /* BillBuster.app */,
				EC3F351F2DFF464D0096FB85 /* BillBusterTests.xctest */,
				EC3F35292DFF464D0096FB85 /* BillBusterUITests.xctest */,
			);
			name = Products;
			sourceTree = "<group>";
		};
/* End PBXGroup section */

/* Begin PBXNativeTarget section */
		EC3F350E2DFF464D0096FB85 /* BillBuster */ = {
			isa = PBXNativeTarget;
			buildConfigurationList = EC3F35332DFF464D0096FB85 /* Build configuration list for PBXNativeTarget "BillBuster" */;
			buildPhases = (
				EC3F350B2DFF464D0096FB85 /* Sources */,
				EC3F350C2DFF464D0096FB85 /* Frameworks */,
				EC3F350D2DFF464D0096FB85 /* Resources */,
			);
			buildRules = (
			);
			dependencies = (
			);
			fileSystemSynchronizedGroups = (
				EC3F35112DFF464D0096FB85 /* BillBuster */,
			);
			name = BillBuster;
			packageProductDependencies = (
			);
			productName = BillBuster;
			productReference = EC3F350F2DFF464D0096FB85 /* BillBuster.app */;
			productType = "com.apple.product-type.application";
		};
		EC3F351E2DFF464D0096FB85 /* BillBusterTests */ = {
			isa = PBXNativeTarget;
			buildConfigurationList = EC3F35362DFF464D0096FB85 /* Build configuration list for PBXNativeTarget "BillBusterTests" */;
			buildPhases = (
				EC3F351B2DFF464D0096FB85 /* Sources */,
				EC3F351C2DFF464D0096FB85 /* Frameworks */,
				EC3F351D2DFF464D0096FB85 /* Resources */,
			);
			buildRules = (
			);
			dependencies = (
				EC3F35212DFF464D0096FB85 /* PBXTargetDependency */,
			);
			fileSystemSynchronizedGroups = (
				EC3F35222DFF464D0096FB85 /* BillBusterTests */,
			);
			name = BillBusterTests;
			packageProductDependencies = (
			);
			productName = BillBusterTests;
			productReference = EC3F351F2DFF464D0096FB85 /* BillBusterTests.xctest */;
			productType = "com.apple.product-type.bundle.unit-test";
		};
		EC3F35282DFF464D0096FB85 /* BillBusterUITests */ = {
			isa = PBXNativeTarget;
			buildConfigurationList = EC3F35392DFF464D0096FB85 /* Build configuration list for PBXNativeTarget "BillBusterUITests" */;
			buildPhases = (
				EC3F35252DFF464D0096FB85 /* Sources */,
				EC3F35262DFF464D0096FB85 /* Frameworks */,
				EC3F35272DFF464D0096FB85 /* Resources */,
			);
			buildRules = (
			);
			dependencies = (
				EC3F352B2DFF464D0096FB85 /* PBXTargetDependency */,
			);
			fileSystemSynchronizedGroups = (
				EC3F352C2DFF464D0096FB85 /* BillBusterUITests */,
			);
			name = BillBusterUITests;
			packageProductDependencies = (
			);
			productName = BillBusterUITests;
			productReference = EC3F35292DFF464D0096FB85 /* BillBusterUITests.xctest */;
			productType = "com.apple.product-type.bundle.ui-testing";
		};
/* End PBXNativeTarget section */

/* Begin PBXProject section */
		EC3F35072DFF464D0096FB85 /* Project object */ = {
			isa = PBXProject;
			attributes = {
				BuildIndependentTargetsInParallel = 1;
				LastSwiftUpdateCheck = 1620;
				LastUpgradeCheck = 1620;
				TargetAttributes = {
					EC3F350E2DFF464D0096FB85 = {
						CreatedOnToolsVersion = 16.2;
					};
					EC3F351E2DFF464D0096FB85 = {
						CreatedOnToolsVersion = 16.2;
						TestTargetID = EC3F350E2DFF464D0096FB85;
					};
					EC3F35282DFF464D0096FB85 = {
						CreatedOnToolsVersion = 16.2;
						TestTargetID = EC3F350E2DFF464D0096FB85;
					};
				};
			};
			buildConfigurationList = EC3F350A2DFF464D0096FB85 /* Build configuration list for PBXProject "BillBuster" */;
			developmentRegion = en;
			hasScannedForEncodings = 0;
			knownRegions = (
				en,
				Base,
			);
			mainGroup = EC3F35062DFF464D0096FB85;
			minimizedProjectReferenceProxies = 1;
			preferredProjectObjectVersion = 77;
			productRefGroup = EC3F35102DFF464D0096FB85 /* Products */;
			projectDirPath = "";
			projectRoot = "";
			targets = (
				EC3F350E2DFF464D0096FB85 /* BillBuster */,
				EC3F351E2DFF464D0096FB85 /* BillBusterTests */,
				EC3F35282DFF464D0096FB85 /* BillBusterUITests */,
			);
		};
/* End PBXProject section */

/* Begin PBXResourcesBuildPhase section */
		EC3F350D2DFF464D0096FB85 /* Resources */ = {
			isa = PBXResourcesBuildPhase;
			buildActionMask = 2147483647;
			files = (
			);
			runOnlyForDeploymentPostprocessing = 0;
		};
		EC3F351D2DFF464D0096FB85 /* Resources */ = {
			isa = PBXResourcesBuildPhase;
			buildActionMask = 2147483647;
			files = (
			);
			runOnlyForDeploymentPostprocessing = 0;
		};
		EC3F35272DFF464D0096FB85 /* Resources */ = {
			isa = PBXResourcesBuildPhase;
			buildActionMask = 2147483647;
			files = (
			);
			runOnlyForDeploymentPostprocessing = 0;
		};
/* End PBXResourcesBuildPhase section */

/* Begin PBXSourcesBuildPhase section */
		EC3F350B2DFF464D0096FB85 /* Sources */ = {
			isa = PBXSourcesBuildPhase;
			buildActionMask = 2147483647;
			files = (
				EC3F35AE2DFF52C20096FB85 /* AddExpenseView.swift in Sources */,
			);
			runOnlyForDeploymentPostprocessing = 0;
		};
		EC3F351B2DFF464D0096FB85 /* Sources */ = {
			isa = PBXSourcesBuildPhase;
			buildActionMask = 2147483647;
			files = (
			);
			runOnlyForDeploymentPostprocessing = 0;
		};
		EC3F35252DFF464D0096FB85 /* Sources */ = {
			isa = PBXSourcesBuildPhase;
			buildActionMask = 2147483647;
			files = (
			);
			runOnlyForDeploymentPostprocessing = 0;
		};
/* End PBXSourcesBuildPhase section */

/* Begin PBXTargetDependency section */
		EC3F35212DFF464D0096FB85 /* PBXTargetDependency */ = {
			isa = PBXTargetDependency;
			target = EC3F350E2DFF464D0096FB85 /* BillBuster */;
			targetProxy = EC3F35202DFF464D0096FB85 /* PBXContainerItemProxy */;
		};
		EC3F352B2DFF464D0096FB85 /* PBXTargetDependency */ = {
			isa = PBXTargetDependency;
			target = EC3F350E2DFF464D0096FB85 /* BillBuster */;
			targetProxy = EC3F352A2DFF464D0096FB85 /* PBXContainerItemProxy */;
		};
/* End PBXTargetDependency section */

/* Begin XCBuildConfiguration section */
		EC3F35312DFF464D0096FB85 /* Debug */ = {
			isa = XCBuildConfiguration;
			buildSettings = {
				ALWAYS_SEARCH_USER_PATHS = NO;
				ASSETCATALOG_COMPILER_GENERATE_SWIFT_ASSET_SYMBOL_EXTENSIONS = YES;
				CLANG_ANALYZER_NONNULL = YES;
				CLANG_ANALYZER_NUMBER_OBJECT_CONVERSION = YES_AGGRESSIVE;
				CLANG_CXX_LANGUAGE_STANDARD = "gnu++20";
				CLANG_ENABLE_MODULES = YES;
				CLANG_ENABLE_OBJC_ARC = YES;
				CLANG_ENABLE_OBJC_WEAK = YES;
				CLANG_WARN_BLOCK_CAPTURE_AUTORELEASING = YES;
				CLANG_WARN_BOOL_CONVERSION = YES;
				CLANG_WARN_COMMA = YES;
				CLANG_WARN_CONSTANT_CONVERSION = YES;
				CLANG_WARN_DEPRECATED_OBJC_IMPLEMENTATIONS = YES;
				CLANG_WARN_DIRECT_OBJC_ISA_USAGE = YES_ERROR;
				CLANG_WARN_DOCUMENTATION_COMMENTS = YES;
				CLANG_WARN_EMPTY_BODY = YES;
				CLANG_WARN_ENUM_CONVERSION = YES;
				CLANG_WARN_INFINITE_RECURSION = YES;
				CLANG_WARN_INT_CONVERSION = YES;
				CLANG_WARN_NON_LITERAL_NULL_CONVERSION = YES;
				CLANG_WARN_OBJC_IMPLICIT_RETAIN_SELF = YES;
				CLANG_WARN_OBJC_LITERAL_CONVERSION = YES;
				CLANG_WARN_OBJC_ROOT_CLASS = YES_ERROR;
				CLANG_WARN_QUOTED_INCLUDE_IN_FRAMEWORK_HEADER = YES;
				CLANG_WARN_RANGE_LOOP_ANALYSIS = YES;
				CLANG_WARN_STRICT_PROTOTYPES = YES;
				CLANG_WARN_SUSPICIOUS_MOVE = YES;
				CLANG_WARN_UNGUARDED_AVAILABILITY = YES_AGGRESSIVE;
				CLANG_WARN_UNREACHABLE_CODE = YES;
				CLANG_WARN__DUPLICATE_METHOD_MATCH = YES;
				COPY_PHASE_STRIP = NO;
				DEBUG_INFORMATION_FORMAT = dwarf;
				ENABLE_STRICT_OBJC_MSGSEND = YES;
				ENABLE_TESTABILITY = YES;
				ENABLE_USER_SCRIPT_SANDBOXING = YES;
				GCC_C_LANGUAGE_STANDARD = gnu17;
				GCC_DYNAMIC_NO_PIC = NO;
				GCC_NO_COMMON_BLOCKS = YES;
				GCC_OPTIMIZATION_LEVEL = 0;
				GCC_PREPROCESSOR_DEFINITIONS = (
					"DEBUG=1",
					"$(inherited)",
				);
				GCC_WARN_64_TO_32_BIT_CONVERSION = YES;
				GCC_WARN_ABOUT_RETURN_TYPE = YES_ERROR;
				GCC_WARN_UNDECLARED_SELECTOR = YES;
				GCC_WARN_UNINITIALIZED_AUTOS = YES_AGGRESSIVE;
				GCC_WARN_UNUSED_FUNCTION = YES;
				GCC_WARN_UNUSED_VARIABLE = YES;
				IPHONEOS_DEPLOYMENT_TARGET = 18.2;
				LOCALIZATION_PREFERS_STRING_CATALOGS = YES;
				MTL_ENABLE_DEBUG_INFO = INCLUDE_SOURCE;
				MTL_FAST_MATH = YES;
				ONLY_ACTIVE_ARCH = YES;
				SDKROOT = iphoneos;
				SWIFT_ACTIVE_COMPILATION_CONDITIONS = "DEBUG $(inherited)";
				SWIFT_OPTIMIZATION_LEVEL = "-Onone";
			};
			name = Debug;
		};
		EC3F35322DFF464D0096FB85 /* Release */ = {
			isa = XCBuildConfiguration;
			buildSettings = {
				ALWAYS_SEARCH_USER_PATHS = NO;
				ASSETCATALOG_COMPILER_GENERATE_SWIFT_ASSET_SYMBOL_EXTENSIONS = YES;
				CLANG_ANALYZER_NONNULL = YES;
				CLANG_ANALYZER_NUMBER_OBJECT_CONVERSION = YES_AGGRESSIVE;
				CLANG_CXX_LANGUAGE_STANDARD = "gnu++20";
				CLANG_ENABLE_MODULES = YES;
				CLANG_ENABLE_OBJC_ARC = YES;
				CLANG_ENABLE_OBJC_WEAK = YES;
				CLANG_WARN_BLOCK_CAPTURE_AUTORELEASING = YES;
				CLANG_WARN_BOOL_CONVERSION = YES;
				CLANG_WARN_COMMA = YES;
				CLANG_WARN_CONSTANT_CONVERSION = YES;
				CLANG_WARN_DEPRECATED_OBJC_IMPLEMENTATIONS = YES;
				CLANG_WARN_DIRECT_OBJC_ISA_USAGE = YES_ERROR;
				CLANG_WARN_DOCUMENTATION_COMMENTS = YES;
				CLANG_WARN_EMPTY_BODY = YES;
				CLANG_WARN_ENUM_CONVERSION = YES;
				CLANG_WARN_INFINITE_RECURSION = YES;
				CLANG_WARN_INT_CONVERSION = YES;
				CLANG_WARN_NON_LITERAL_NULL_CONVERSION = YES;
				CLANG_WARN_OBJC_IMPLICIT_RETAIN_SELF = YES;
				CLANG_WARN_OBJC_LITERAL_CONVERSION = YES;
				CLANG_WARN_OBJC_ROOT_CLASS = YES_ERROR;
				CLANG_WARN_QUOTED_INCLUDE_IN_FRAMEWORK_HEADER = YES;
				CLANG_WARN_RANGE_LOOP_ANALYSIS = YES;
				CLANG_WARN_STRICT_PROTOTYPES = YES;
				CLANG_WARN_SUSPICIOUS_MOVE = YES;
				CLANG_WARN_UNGUARDED_AVAILABILITY = YES_AGGRESSIVE;
				CLANG_WARN_UNREACHABLE_CODE = YES;
				CLANG_WARN__DUPLICATE_METHOD_MATCH = YES;
				COPY_PHASE_STRIP = NO;
				DEBUG_INFORMATION_FORMAT = "dwarf-with-dsym";
				ENABLE_NS_ASSERTIONS = NO;
				ENABLE_STRICT_OBJC_MSGSEND = YES;
				ENABLE_USER_SCRIPT_SANDBOXING = YES;
				GCC_C_LANGUAGE_STANDARD = gnu17;
				GCC_NO_COMMON_BLOCKS = YES;
				GCC_WARN_64_TO_32_BIT_CONVERSION = YES;
				GCC_WARN_ABOUT_RETURN_TYPE = YES_ERROR;
				GCC_WARN_UNDECLARED_SELECTOR = YES;
				GCC_WARN_UNINITIALIZED_AUTOS = YES_AGGRESSIVE;
				GCC_WARN_UNUSED_FUNCTION = YES;
				GCC_WARN_UNUSED_VARIABLE = YES;
				IPHONEOS_DEPLOYMENT_TARGET = 18.2;
				LOCALIZATION_PREFERS_STRING_CATALOGS = YES;
				MTL_ENABLE_DEBUG_INFO = NO;
				MTL_FAST_MATH = YES;
				SDKROOT = iphoneos;
				SWIFT_COMPILATION_MODE = wholemodule;
				VALIDATE_PRODUCT = YES;
			};
			name = Release;
		};
		EC3F35342DFF464D0096FB85 /* Debug */ = {
			isa = XCBuildConfiguration;
			buildSettings = {
				ASSETCATALOG_COMPILER_APPICON_NAME = AppIcon;
				ASSETCATALOG_COMPILER_GLOBAL_ACCENT_COLOR_NAME = AccentColor;
				CODE_SIGN_STYLE = Automatic;
				CURRENT_PROJECT_VERSION = 1;
				DEVELOPMENT_ASSET_PATHS = "\"BillBuster/Preview Content\"";
				DEVELOPMENT_TEAM = 4975MY75L4;
				ENABLE_PREVIEWS = YES;
				GENERATE_INFOPLIST_FILE = YES;
				INFOPLIST_KEY_UIApplicationSceneManifest_Generation = YES;
				INFOPLIST_KEY_UIApplicationSupportsIndirectInputEvents = YES;
				INFOPLIST_KEY_UILaunchScreen_Generation = YES;
				INFOPLIST_KEY_UISupportedInterfaceOrientations_iPad = "UIInterfaceOrientationPortrait UIInterfaceOrientationPortraitUpsideDown UIInterfaceOrientationLandscapeLeft UIInterfaceOrientationLandscapeRight";
				INFOPLIST_KEY_UISupportedInterfaceOrientations_iPhone = "UIInterfaceOrientationPortrait UIInterfaceOrientationLandscapeLeft UIInterfaceOrientationLandscapeRight";
				LD_RUNPATH_SEARCH_PATHS = (
					"$(inherited)",
					"@executable_path/Frameworks",
				);
				MARKETING_VERSION = 1.0;
				PRODUCT_BUNDLE_IDENTIFIER = com.krishaygahlaut.BillBuster;
				PRODUCT_NAME = "$(TARGET_NAME)";
				SWIFT_EMIT_LOC_STRINGS = YES;
				SWIFT_VERSION = 5.0;
				TARGETED_DEVICE_FAMILY = "1,2";
			};
			name = Debug;
		};
		EC3F35352DFF464D0096FB85 /* Release */ = {
			isa = XCBuildConfiguration;
			buildSettings = {
				ASSETCATALOG_COMPILER_APPICON_NAME = AppIcon;
				ASSETCATALOG_COMPILER_GLOBAL_ACCENT_COLOR_NAME = AccentColor;
				CODE_SIGN_STYLE = Automatic;
				CURRENT_PROJECT_VERSION = 1;
				DEVELOPMENT_ASSET_PATHS = "\"BillBuster/Preview Content\"";
				DEVELOPMENT_TEAM = 4975MY75L4;
				ENABLE_PREVIEWS = YES;
				GENERATE_INFOPLIST_FILE = YES;
				INFOPLIST_KEY_UIApplicationSceneManifest_Generation = YES;
				INFOPLIST_KEY_UIApplicationSupportsIndirectInputEvents = YES;
				INFOPLIST_KEY_UILaunchScreen_Generation = YES;
				INFOPLIST_KEY_UISupportedInterfaceOrientations_iPad = "UIInterfaceOrientationPortrait UIInterfaceOrientationPortraitUpsideDown UIInterfaceOrientationLandscapeLeft UIInterfaceOrientationLandscapeRight";
				INFOPLIST_KEY_UISupportedInterfaceOrientations_iPhone = "UIInterfaceOrientationPortrait UIInterfaceOrientationLandscapeLeft UIInterfaceOrientationLandscapeRight";
				LD_RUNPATH_SEARCH_PATHS = (
					"$(inherited)",
					"@executable_path/Frameworks",
				);
				MARKETING_VERSION = 1.0;
				PRODUCT_BUNDLE_IDENTIFIER = com.krishaygahlaut.BillBuster;
				PRODUCT_NAME = "$(TARGET_NAME)";
				SWIFT_EMIT_LOC_STRINGS = YES;
				SWIFT_VERSION = 5.0;
				TARGETED_DEVICE_FAMILY = "1,2";
			};
			name = Release;
		};
		EC3F35372DFF464D0096FB85 /* Debug */ = {
			isa = XCBuildConfiguration;
			buildSettings = {
				BUNDLE_LOADER = "$(TEST_HOST)";
				CODE_SIGN_STYLE = Automatic;
				CURRENT_PROJECT_VERSION = 1;
				DEVELOPMENT_TEAM = 4975MY75L4;
				GENERATE_INFOPLIST_FILE = YES;
				IPHONEOS_DEPLOYMENT_TARGET = 18.2;
				MARKETING_VERSION = 1.0;
				PRODUCT_BUNDLE_IDENTIFIER = com.krishaygahlaut.BillBusterTests;
				PRODUCT_NAME = "$(TARGET_NAME)";
				SWIFT_EMIT_LOC_STRINGS = NO;
				SWIFT_VERSION = 5.0;
				TARGETED_DEVICE_FAMILY = "1,2";
				TEST_HOST = "$(BUILT_PRODUCTS_DIR)/BillBuster.app/$(BUNDLE_EXECUTABLE_FOLDER_PATH)/BillBuster";
			};
			name = Debug;
		};
		EC3F35382DFF464D0096FB85 /* Release */ = {
			isa = XCBuildConfiguration;
			buildSettings = {
				BUNDLE_LOADER = "$(TEST_HOST)";
				CODE_SIGN_STYLE = Automatic;
				CURRENT_PROJECT_VERSION = 1;
				DEVELOPMENT_TEAM = 4975MY75L4;
				GENERATE_INFOPLIST_FILE = YES;
				IPHONEOS_DEPLOYMENT_TARGET = 18.2;
				MARKETING_VERSION = 1.0;
				PRODUCT_BUNDLE_IDENTIFIER = com.krishaygahlaut.BillBusterTests;
				PRODUCT_NAME = "$(TARGET_NAME)";
				SWIFT_EMIT_LOC_STRINGS = NO;
				SWIFT_VERSION = 5.0;
				TARGETED_DEVICE_FAMILY = "1,2";
				TEST_HOST = "$(BUILT_PRODUCTS_DIR)/BillBuster.app/$(BUNDLE_EXECUTABLE_FOLDER_PATH)/BillBuster";
			};
			name = Release;
		};
		EC3F353A2DFF464D0096FB85 /* Debug */ = {
			isa = XCBuildConfiguration;
			buildSettings = {
				CODE_SIGN_STYLE = Automatic;
				CURRENT_PROJECT_VERSION = 1;
				DEVELOPMENT_TEAM = 4975MY75L4;
				GENERATE_INFOPLIST_FILE = YES;
				MARKETING_VERSION = 1.0;
				PRODUCT_BUNDLE_IDENTIFIER = com.krishaygahlaut.BillBusterUITests;
				PRODUCT_NAME = "$(TARGET_NAME)";
				SWIFT_EMIT_LOC_STRINGS = NO;
				SWIFT_VERSION = 5.0;
				TARGETED_DEVICE_FAMILY = "1,2";
				TEST_TARGET_NAME = BillBuster;
			};
			name = Debug;
		};
		EC3F353B2DFF464D0096FB85 /* Release */ = {
			isa = XCBuildConfiguration;
			buildSettings = {
				CODE_SIGN_STYLE = Automatic;
				CURRENT_PROJECT_VERSION = 1;
				DEVELOPMENT_TEAM = 4975MY75L4;
				GENERATE_INFOPLIST_FILE = YES;
				MARKETING_VERSION = 1.0;
				PRODUCT_BUNDLE_IDENTIFIER = com.krishaygahlaut.BillBusterUITests;
				PRODUCT_NAME = "$(TARGET_NAME)";
				SWIFT_EMIT_LOC_STRINGS = NO;
				SWIFT_VERSION = 5.0;
				TARGETED_DEVICE_FAMILY = "1,2";
				TEST_TARGET_NAME = BillBuster;
			};
			name = Release;
		};
/* End XCBuildConfiguration section */

/* Begin XCConfigurationList section */
		EC3F350A2DFF464D0096FB85 /* Build configuration list for PBXProject "BillBuster" */ = {
			isa = XCConfigurationList;
			buildConfigurations = (
				EC3F35312DFF464D0096FB85 /* Debug */,
				EC3F35322DFF464D0096FB85 /* Release */,
			);
			defaultConfigurationIsVisible = 0;
			defaultConfigurationName = Release;
		};
		EC3F35332DFF464D0096FB85 /* Build configuration list for PBXNativeTarget "BillBuster" */ = {
			isa = XCConfigurationList;
			buildConfigurations = (
				EC3F35342DFF464D0096FB85 /* Debug */,
				EC3F35352DFF464D0096FB85 /* Release */,
			);
			defaultConfigurationIsVisible = 0;
			defaultConfigurationName = Release;
		};
		EC3F35362DFF464D0096FB85 /* Build configuration list for PBXNativeTarget "BillBusterTests" */ = {
			isa = XCConfigurationList;
			buildConfigurations = (
				EC3F35372DFF464D0096FB85 /* Debug */,
				EC3F35382DFF464D0096FB85 /* Release */,
			);
			defaultConfigurationIsVisible = 0;
			defaultConfigurationName = Release;
		};
		EC3F35392DFF464D0096FB85 /* Build configuration list for PBXNativeTarget "BillBusterUITests" */ = {
			isa = XCConfigurationList;
			buildConfigurations = (
				EC3F353A2DFF464D0096FB85 /* Debug */,
				EC3F353B2DFF464D0096FB85 /* Release */,
			);
			defaultConfigurationIsVisible = 0;
			defaultConfigurationName = Release;
		};
/* End XCConfigurationList section */
	};
	rootObject = EC3F35072DFF464D0096FB85 /* Project object */;
}
